
Microsoft Visual Studio Solution File, Format Version 12.00
# Visual Studio Version 16
VisualStudioVersion = 16.0.30907.101
MinimumVisualStudioVersion = 10.0.40219.1
Project("{FAE04EC0-301F-11D3-BF4B-00C04F79EFBC}") = "BarcodePrinter", "BarcodePrinter\BarcodePrinter.csproj", "{DA003BB6-7253-4976-84DF-914560BB18E4}"
EndProject
Global
	GlobalSection(SolutionConfigurationPlatforms) = preSolution
		Debug|Any CPU = Debug|Any CPU
		Release|Any CPU = Release|Any CPU
	EndGlobalSection
	GlobalSection(ProjectConfigurationPlatforms) = postSolution
		{DA003BB6-7253-4976-84DF-914560BB18E4}.Debug|Any CPU.ActiveCfg = Debug|Any CPU
		{DA003BB6-7253-4976-84DF-914560BB18E4}.Debug|Any CPU.Build.0 = Debug|Any CPU
		{DA003BB6-7253-4976-84DF-914560BB18E4}.Release|Any CPU.ActiveCfg = Release|Any CPU
		{DA003BB6-7253-4976-84DF-914560BB18E4}.Release|Any CPU.Build.0 = Release|Any CPU
	EndGlobalSection
	GlobalSection(SolutionProperties) = preSolution
		HideSolutionNode = FALSE
	EndGlobalSection
	GlobalSection(ExtensibilityGlobals) = postSolution
		SolutionGuid = {F8FC4B8A-EF32-4113-B5BA-36D9DA38F230}
	EndGlobalSection
EndGlobal
